
Microsoft Visual Studio Solution File, Format Version 12.00
# Visual Studio Version 17
VisualStudioVersion = 17.0.32014.148
MinimumVisualStudioVersion = 10.0.40219.1
Project("{FAE04EC0-301F-11D3-BF4B-00C04F79EFBC}") = "DrinkInventory", "DrinkInventory\DrinkInventory.csproj", "{FEB996F0-0702-450F-A15F-7FBCF6BE3FB2}"
EndProject
Global
	GlobalSection(SolutionConfigurationPlatforms) = preSolution
		Debug|Any CPU = Debug|Any CPU
		Release|Any CPU = Release|Any CPU
	EndGlobalSection
	GlobalSection(ProjectConfigurationPlatforms) = postSolution
		{FEB996F0-0702-450F-A15F-7FBCF6BE3FB2}.Debug|Any CPU.ActiveCfg = Debug|Any CPU
		{FEB996F0-0702-450F-A15F-7FBCF6BE3FB2}.Debug|Any CPU.Build.0 = Debug|Any CPU
		{FEB996F0-0702-450F-A15F-7FBCF6BE3FB2}.Release|Any CPU.ActiveCfg = Release|Any CPU
		{FEB996F0-0702-450F-A15F-7FBCF6BE3FB2}.Release|Any CPU.Build.0 = Release|Any CPU
	EndGlobalSection
	GlobalSection(SolutionProperties) = preSolution
		HideSolutionNode = FALSE
	EndGlobalSection
	GlobalSection(ExtensibilityGlobals) = postSolution
		SolutionGuid = {A1F243D2-D6E1-4A79-83B8-0CCA699F22A0}
	EndGlobalSection
EndGlobal
